
Microsoft Visual Studio Solution File, Format Version 12.00
# Visual Studio 2012
Project("{FAE04EC0-301F-11D3-BF4B-00C04F79EFBC}") = "Aevitas.Interpreter", "Aevitas.Interpreter\Aevitas.Interpreter.csproj", "{3018C6AF-645D-4D36-A04D-194196C80671}"
EndProject
Project("{FAE04EC0-301F-11D3-BF4B-00C04F79EFBC}") = "PatternTester", "PatternTester\PatternTester.csproj", "{E4B516BD-9206-405E-8520-B9CC907D31B4}"
EndProject
Project("{FAE04EC0-301F-11D3-BF4B-00C04F79EFBC}") = "Aevitas.Command", "Aevitas.Command\Aevitas.Command.csproj", "{8B91235C-F47C-4C49-A14B-497934B503A3}"
EndProject
Project("{FAE04EC0-301F-11D3-BF4B-00C04F79EFBC}") = "Aevitas.Observer", "Aevitas.Observer\Aevitas.Observer.csproj", "{C71F27F0-4503-48AD-A34F-D3FC9D1B8C7B}"
EndProject
Project("{FAE04EC0-301F-11D3-BF4B-00C04F79EFBC}") = "Aevitas.Mediator", "Aevitas.Mediator\Aevitas.Mediator.csproj", "{EF66FBAC-911D-48A2-9F50-CDD530D46711}"
EndProject
Project("{FAE04EC0-301F-11D3-BF4B-00C04F79EFBC}") = "Aevitas.State", "Aevitas.State\Aevitas.State.csproj", "{BF49C56A-B100-4E1B-BED3-F542A9476A96}"
EndProject
Project("{FAE04EC0-301F-11D3-BF4B-00C04F79EFBC}") = "Aevitas.Memento", "Aevitas.Memento\Aevitas.Memento.csproj", "{D69D2075-06A2-4C83-87E8-A9E42C921C6F}"
EndProject
Project("{FAE04EC0-301F-11D3-BF4B-00C04F79EFBC}") = "Aevitas.Composite", "Aevitas.Composite\Aevitas.Composite.csproj", "{612A3DFA-056E-4BFC-B6E6-B8E491A6384A}"
EndProject
Project("{FAE04EC0-301F-11D3-BF4B-00C04F79EFBC}") = "Aevitas.ChainOfResponsibility", "Aevitas.ChainOfResponsibility\Aevitas.ChainOfResponsibility.csproj", "{5488F02A-1E90-4969-9EC9-C97B98C0C4A2}"
EndProject
Project("{FAE04EC0-301F-11D3-BF4B-00C04F79EFBC}") = "Aevitas.Strategy", "Aevitas.Strategy\Aevitas.Strategy.csproj", "{CE250123-8843-4FF9-A1B7-F7669B34CDFD}"
EndProject
Project("{FAE04EC0-301F-11D3-BF4B-00C04F79EFBC}") = "Aevitas.Bridge", "Aevitas.Bridge\Aevitas.Bridge.csproj", "{836A1953-E3C1-4DCD-A888-ABCE73877762}"
EndProject
Project("{FAE04EC0-301F-11D3-BF4B-00C04F79EFBC}") = "Aevitas.Decorator", "Aevitas.Decorator\Aevitas.Decorator.csproj", "{BA8C9E3C-7B35-4ECF-9AAF-BCAF289B1C16}"
EndProject
Project("{FAE04EC0-301F-11D3-BF4B-00C04F79EFBC}") = "Aevitas.Proxy", "Aevitas.Proxy\Aevitas.Proxy.csproj", "{2A931DE7-ACA7-4EA8-A7C5-12DEAC2F41C8}"
EndProject
Project("{FAE04EC0-301F-11D3-BF4B-00C04F79EFBC}") = "Aevitas.Adapter", "Aevitas.Adapter\Aevitas.Adapter.csproj", "{9F3CEB3F-DC11-4C5F-B183-0CEC2ECFC7E5}"
EndProject
Project("{FAE04EC0-301F-11D3-BF4B-00C04F79EFBC}") = "Aevitas.Flyweight", "Aevitas.Flyweight\Aevitas.Flyweight.csproj", "{07DE8206-6863-426C-B785-5AAE8815F8BA}"
EndProject
Project("{FAE04EC0-301F-11D3-BF4B-00C04F79EFBC}") = "Aevitas.Builder", "Aevitas.Builder\Aevitas.Builder.csproj", "{01E94F9E-ECC2-46CA-B963-022BAA641B5C}"
EndProject
Global
	GlobalSection(SolutionConfigurationPlatforms) = preSolution
		Debug|Any CPU = Debug|Any CPU
		Debug|Mixed Platforms = Debug|Mixed Platforms
		Debug|x86 = Debug|x86
		Release|Any CPU = Release|Any CPU
		Release|Mixed Platforms = Release|Mixed Platforms
		Release|x86 = Release|x86
	EndGlobalSection
	GlobalSection(ProjectConfigurationPlatforms) = postSolution
		{3018C6AF-645D-4D36-A04D-194196C80671}.Debug|Any CPU.ActiveCfg = Debug|Any CPU
		{3018C6AF-645D-4D36-A04D-194196C80671}.Debug|Any CPU.Build.0 = Debug|Any CPU
		{3018C6AF-645D-4D36-A04D-194196C80671}.Debug|Mixed Platforms.ActiveCfg = Debug|x86
		{3018C6AF-645D-4D36-A04D-194196C80671}.Debug|Mixed Platforms.Build.0 = Debug|x86
		{3018C6AF-645D-4D36-A04D-194196C80671}.Debug|x86.ActiveCfg = Debug|x86
		{3018C6AF-645D-4D36-A04D-194196C80671}.Debug|x86.Build.0 = Debug|x86
		{3018C6AF-645D-4D36-A04D-194196C80671}.Release|Any CPU.ActiveCfg = Release|Any CPU
		{3018C6AF-645D-4D36-A04D-194196C80671}.Release|Any CPU.Build.0 = Release|Any CPU
		{3018C6AF-645D-4D36-A04D-194196C80671}.Release|Mixed Platforms.ActiveCfg = Release|x86
		{3018C6AF-645D-4D36-A04D-194196C80671}.Release|Mixed Platforms.Build.0 = Release|x86
		{3018C6AF-645D-4D36-A04D-194196C80671}.Release|x86.ActiveCfg = Release|x86
		{3018C6AF-645D-4D36-A04D-194196C80671}.Release|x86.Build.0 = Release|x86
		{E4B516BD-9206-405E-8520-B9CC907D31B4}.Debug|Any CPU.ActiveCfg = Debug|Any CPU
		{E4B516BD-9206-405E-8520-B9CC907D31B4}.Debug|Any CPU.Build.0 = Debug|Any CPU
		{E4B516BD-9206-405E-8520-B9CC907D31B4}.Debug|Mixed Platforms.ActiveCfg = Debug|x86
		{E4B516BD-9206-405E-8520-B9CC907D31B4}.Debug|Mixed Platforms.Build.0 = Debug|x86
		{E4B516BD-9206-405E-8520-B9CC907D31B4}.Debug|x86.ActiveCfg = Debug|x86
		{E4B516BD-9206-405E-8520-B9CC907D31B4}.Debug|x86.Build.0 = Debug|x86
		{E4B516BD-9206-405E-8520-B9CC907D31B4}.Release|Any CPU.ActiveCfg = Release|Any CPU
		{E4B516BD-9206-405E-8520-B9CC907D31B4}.Release|Any CPU.Build.0 = Release|Any CPU
		{E4B516BD-9206-405E-8520-B9CC907D31B4}.Release|Mixed Platforms.ActiveCfg = Release|x86
		{E4B516BD-9206-405E-8520-B9CC907D31B4}.Release|Mixed Platforms.Build.0 = Release|x86
		{E4B516BD-9206-405E-8520-B9CC907D31B4}.Release|x86.ActiveCfg = Release|x86
		{E4B516BD-9206-405E-8520-B9CC907D31B4}.Release|x86.Build.0 = Release|x86
		{8B91235C-F47C-4C49-A14B-497934B503A3}.Debug|Any CPU.ActiveCfg = Debug|Any CPU
		{8B91235C-F47C-4C49-A14B-497934B503A3}.Debug|Any CPU.Build.0 = Debug|Any CPU
		{8B91235C-F47C-4C49-A14B-497934B503A3}.Debug|Mixed Platforms.ActiveCfg = Debug|x86
		{8B91235C-F47C-4C49-A14B-497934B503A3}.Debug|Mixed Platforms.Build.0 = Debug|x86
		{8B91235C-F47C-4C49-A14B-497934B503A3}.Debug|x86.ActiveCfg = Debug|x86
		{8B91235C-F47C-4C49-A14B-497934B503A3}.Debug|x86.Build.0 = Debug|x86
		{8B91235C-F47C-4C49-A14B-497934B503A3}.Release|Any CPU.ActiveCfg = Release|Any CPU
		{8B91235C-F47C-4C49-A14B-497934B503A3}.Release|Any CPU.Build.0 = Release|Any CPU
		{8B91235C-F47C-4C49-A14B-497934B503A3}.Release|Mixed Platforms.ActiveCfg = Release|x86
		{8B91235C-F47C-4C49-A14B-497934B503A3}.Release|Mixed Platforms.Build.0 = Release|x86
		{8B91235C-F47C-4C49-A14B-497934B503A3}.Release|x86.ActiveCfg = Release|x86
		{8B91235C-F47C-4C49-A14B-497934B503A3}.Release|x86.Build.0 = Release|x86
		{C71F27F0-4503-48AD-A34F-D3FC9D1B8C7B}.Debug|Any CPU.ActiveCfg = Debug|Any CPU
		{C71F27F0-4503-48AD-A34F-D3FC9D1B8C7B}.Debug|Any CPU.Build.0 = Debug|Any CPU
		{C71F27F0-4503-48AD-A34F-D3FC9D1B8C7B}.Debug|Mixed Platforms.ActiveCfg = Debug|x86
		{C71F27F0-4503-48AD-A34F-D3FC9D1B8C7B}.Debug|Mixed Platforms.Build.0 = Debug|x86
		{C71F27F0-4503-48AD-A34F-D3FC9D1B8C7B}.Debug|x86.ActiveCfg = Debug|x86
		{C71F27F0-4503-48AD-A34F-D3FC9D1B8C7B}.Debug|x86.Build.0 = Debug|x86
		{C71F27F0-4503-48AD-A34F-D3FC9D1B8C7B}.Release|Any CPU.ActiveCfg = Release|Any CPU
		{C71F27F0-4503-48AD-A34F-D3FC9D1B8C7B}.Release|Any CPU.Build.0 = Release|Any CPU
		{C71F27F0-4503-48AD-A34F-D3FC9D1B8C7B}.Release|Mixed Platforms.ActiveCfg = Release|x86
		{C71F27F0-4503-48AD-A34F-D3FC9D1B8C7B}.Release|Mixed Platforms.Build.0 = Release|x86
		{C71F27F0-4503-48AD-A34F-D3FC9D1B8C7B}.Release|x86.ActiveCfg = Release|x86
		{C71F27F0-4503-48AD-A34F-D3FC9D1B8C7B}.Release|x86.Build.0 = Release|x86
		{EF66FBAC-911D-48A2-9F50-CDD530D46711}.Debug|Any CPU.ActiveCfg = Debug|Any CPU
		{EF66FBAC-911D-48A2-9F50-CDD530D46711}.Debug|Any CPU.Build.0 = Debug|Any CPU
		{EF66FBAC-911D-48A2-9F50-CDD530D46711}.Debug|Mixed Platforms.ActiveCfg = Debug|x86
		{EF66FBAC-911D-48A2-9F50-CDD530D46711}.Debug|Mixed Platforms.Build.0 = Debug|x86
		{EF66FBAC-911D-48A2-9F50-CDD530D46711}.Debug|x86.ActiveCfg = Debug|x86
		{EF66FBAC-911D-48A2-9F50-CDD530D46711}.Debug|x86.Build.0 = Debug|x86
		{EF66FBAC-911D-48A2-9F50-CDD530D46711}.Release|Any CPU.ActiveCfg = Release|Any CPU
		{EF66FBAC-911D-48A2-9F50-CDD530D46711}.Release|Any CPU.Build.0 = Release|Any CPU
		{EF66FBAC-911D-48A2-9F50-CDD530D46711}.Release|Mixed Platforms.ActiveCfg = Release|x86
		{EF66FBAC-911D-48A2-9F50-CDD530D46711}.Release|Mixed Platforms.Build.0 = Release|x86
		{EF66FBAC-911D-48A2-9F50-CDD530D46711}.Release|x86.ActiveCfg = Release|x86
		{EF66FBAC-911D-48A2-9F50-CDD530D46711}.Release|x86.Build.0 = Release|x86
		{BF49C56A-B100-4E1B-BED3-F542A9476A96}.Debug|Any CPU.ActiveCfg = Debug|Any CPU
		{BF49C56A-B100-4E1B-BED3-F542A9476A96}.Debug|Any CPU.Build.0 = Debug|Any CPU
		{BF49C56A-B100-4E1B-BED3-F542A9476A96}.Debug|Mixed Platforms.ActiveCfg = Debug|Any CPU
		{BF49C56A-B100-4E1B-BED3-F542A9476A96}.Debug|Mixed Platforms.Build.0 = Debug|Any CPU
		{BF49C56A-B100-4E1B-BED3-F542A9476A96}.Debug|x86.ActiveCfg = Debug|Any CPU
		{BF49C56A-B100-4E1B-BED3-F542A9476A96}.Release|Any CPU.ActiveCfg = Release|Any CPU
		{BF49C56A-B100-4E1B-BED3-F542A9476A96}.Release|Any CPU.Build.0 = Release|Any CPU
		{BF49C56A-B100-4E1B-BED3-F542A9476A96}.Release|Mixed Platforms.ActiveCfg = Release|Any CPU
		{BF49C56A-B100-4E1B-BED3-F542A9476A96}.Release|Mixed Platforms.Build.0 = Release|Any CPU
		{BF49C56A-B100-4E1B-BED3-F542A9476A96}.Release|x86.ActiveCfg = Release|Any CPU
		{D69D2075-06A2-4C83-87E8-A9E42C921C6F}.Debug|Any CPU.ActiveCfg = Debug|Any CPU
		{D69D2075-06A2-4C83-87E8-A9E42C921C6F}.Debug|Any CPU.Build.0 = Debug|Any CPU
		{D69D2075-06A2-4C83-87E8-A9E42C921C6F}.Debug|Mixed Platforms.ActiveCfg = Debug|Any CPU
		{D69D2075-06A2-4C83-87E8-A9E42C921C6F}.Debug|Mixed Platforms.Build.0 = Debug|Any CPU
		{D69D2075-06A2-4C83-87E8-A9E42C921C6F}.Debug|x86.ActiveCfg = Debug|Any CPU
		{D69D2075-06A2-4C83-87E8-A9E42C921C6F}.Release|Any CPU.ActiveCfg = Release|Any CPU
		{D69D2075-06A2-4C83-87E8-A9E42C921C6F}.Release|Any CPU.Build.0 = Release|Any CPU
		{D69D2075-06A2-4C83-87E8-A9E42C921C6F}.Release|Mixed Platforms.ActiveCfg = Release|Any CPU
		{D69D2075-06A2-4C83-87E8-A9E42C921C6F}.Release|Mixed Platforms.Build.0 = Release|Any CPU
		{D69D2075-06A2-4C83-87E8-A9E42C921C6F}.Release|x86.ActiveCfg = Release|Any CPU
		{612A3DFA-056E-4BFC-B6E6-B8E491A6384A}.Debug|Any CPU.ActiveCfg = Debug|Any CPU
		{612A3DFA-056E-4BFC-B6E6-B8E491A6384A}.Debug|Any CPU.Build.0 = Debug|Any CPU
		{612A3DFA-056E-4BFC-B6E6-B8E491A6384A}.Debug|Mixed Platforms.ActiveCfg = Debug|Any CPU
		{612A3DFA-056E-4BFC-B6E6-B8E491A6384A}.Debug|Mixed Platforms.Build.0 = Debug|Any CPU
		{612A3DFA-056E-4BFC-B6E6-B8E491A6384A}.Debug|x86.ActiveCfg = Debug|Any CPU
		{612A3DFA-056E-4BFC-B6E6-B8E491A6384A}.Release|Any CPU.ActiveCfg = Release|Any CPU
		{612A3DFA-056E-4BFC-B6E6-B8E491A6384A}.Release|Any CPU.Build.0 = Release|Any CPU
		{612A3DFA-056E-4BFC-B6E6-B8E491A6384A}.Release|Mixed Platforms.ActiveCfg = Release|Any CPU
		{612A3DFA-056E-4BFC-B6E6-B8E491A6384A}.Release|Mixed Platforms.Build.0 = Release|Any CPU
		{612A3DFA-056E-4BFC-B6E6-B8E491A6384A}.Release|x86.ActiveCfg = Release|Any CPU
		{5488F02A-1E90-4969-9EC9-C97B98C0C4A2}.Debug|Any CPU.ActiveCfg = Debug|Any CPU
		{5488F02A-1E90-4969-9EC9-C97B98C0C4A2}.Debug|Any CPU.Build.0 = Debug|Any CPU
		{5488F02A-1E90-4969-9EC9-C97B98C0C4A2}.Debug|Mixed Platforms.ActiveCfg = Debug|Any CPU
		{5488F02A-1E90-4969-9EC9-C97B98C0C4A2}.Debug|Mixed Platforms.Build.0 = Debug|Any CPU
		{5488F02A-1E90-4969-9EC9-C97B98C0C4A2}.Debug|x86.ActiveCfg = Debug|Any CPU
		{5488F02A-1E90-4969-9EC9-C97B98C0C4A2}.Release|Any CPU.ActiveCfg = Release|Any CPU
		{5488F02A-1E90-4969-9EC9-C97B98C0C4A2}.Release|Any CPU.Build.0 = Release|Any CPU
		{5488F02A-1E90-4969-9EC9-C97B98C0C4A2}.Release|Mixed Platforms.ActiveCfg = Release|Any CPU
		{5488F02A-1E90-4969-9EC9-C97B98C0C4A2}.Release|Mixed Platforms.Build.0 = Release|Any CPU
		{5488F02A-1E90-4969-9EC9-C97B98C0C4A2}.Release|x86.ActiveCfg = Release|Any CPU
		{CE250123-8843-4FF9-A1B7-F7669B34CDFD}.Debug|Any CPU.ActiveCfg = Debug|Any CPU
		{CE250123-8843-4FF9-A1B7-F7669B34CDFD}.Debug|Any CPU.Build.0 = Debug|Any CPU
		{CE250123-8843-4FF9-A1B7-F7669B34CDFD}.Debug|Mixed Platforms.ActiveCfg = Debug|Any CPU
		{CE250123-8843-4FF9-A1B7-F7669B34CDFD}.Debug|Mixed Platforms.Build.0 = Debug|Any CPU
		{CE250123-8843-4FF9-A1B7-F7669B34CDFD}.Debug|x86.ActiveCfg = Debug|Any CPU
		{CE250123-8843-4FF9-A1B7-F7669B34CDFD}.Release|Any CPU.ActiveCfg = Release|Any CPU
		{CE250123-8843-4FF9-A1B7-F7669B34CDFD}.Release|Any CPU.Build.0 = Release|Any CPU
		{CE250123-8843-4FF9-A1B7-F7669B34CDFD}.Release|Mixed Platforms.ActiveCfg = Release|Any CPU
		{CE250123-8843-4FF9-A1B7-F7669B34CDFD}.Release|Mixed Platforms.Build.0 = Release|Any CPU
		{CE250123-8843-4FF9-A1B7-F7669B34CDFD}.Release|x86.ActiveCfg = Release|Any CPU
		{836A1953-E3C1-4DCD-A888-ABCE73877762}.Debug|Any CPU.ActiveCfg = Debug|Any CPU
		{836A1953-E3C1-4DCD-A888-ABCE73877762}.Debug|Any CPU.Build.0 = Debug|Any CPU
		{836A1953-E3C1-4DCD-A888-ABCE73877762}.Debug|Mixed Platforms.ActiveCfg = Debug|Any CPU
		{836A1953-E3C1-4DCD-A888-ABCE73877762}.Debug|Mixed Platforms.Build.0 = Debug|Any CPU
		{836A1953-E3C1-4DCD-A888-ABCE73877762}.Debug|x86.ActiveCfg = Debug|Any CPU
		{836A1953-E3C1-4DCD-A888-ABCE73877762}.Release|Any CPU.ActiveCfg = Release|Any CPU
		{836A1953-E3C1-4DCD-A888-ABCE73877762}.Release|Any CPU.Build.0 = Release|Any CPU
		{836A1953-E3C1-4DCD-A888-ABCE73877762}.Release|Mixed Platforms.ActiveCfg = Release|Any CPU
		{836A1953-E3C1-4DCD-A888-ABCE73877762}.Release|Mixed Platforms.Build.0 = Release|Any CPU
		{836A1953-E3C1-4DCD-A888-ABCE73877762}.Release|x86.ActiveCfg = Release|Any CPU
		{BA8C9E3C-7B35-4ECF-9AAF-BCAF289B1C16}.Debug|Any CPU.ActiveCfg = Debug|Any CPU
		{BA8C9E3C-7B35-4ECF-9AAF-BCAF289B1C16}.Debug|Any CPU.Build.0 = Debug|Any CPU
		{BA8C9E3C-7B35-4ECF-9AAF-BCAF289B1C16}.Debug|Mixed Platforms.ActiveCfg = Debug|Any CPU
		{BA8C9E3C-7B35-4ECF-9AAF-BCAF289B1C16}.Debug|Mixed Platforms.Build.0 = Debug|Any CPU
		{BA8C9E3C-7B35-4ECF-9AAF-BCAF289B1C16}.Debug|x86.ActiveCfg = Debug|Any CPU
		{BA8C9E3C-7B35-4ECF-9AAF-BCAF289B1C16}.Release|Any CPU.ActiveCfg = Release|Any CPU
		{BA8C9E3C-7B35-4ECF-9AAF-BCAF289B1C16}.Release|Any CPU.Build.0 = Release|Any CPU
		{BA8C9E3C-7B35-4ECF-9AAF-BCAF289B1C16}.Release|Mixed Platforms.ActiveCfg = Release|Any CPU
		{BA8C9E3C-7B35-4ECF-9AAF-BCAF289B1C16}.Release|Mixed Platforms.Build.0 = Release|Any CPU
		{BA8C9E3C-7B35-4ECF-9AAF-BCAF289B1C16}.Release|x86.ActiveCfg = Release|Any CPU
		{2A931DE7-ACA7-4EA8-A7C5-12DEAC2F41C8}.Debug|Any CPU.ActiveCfg = Debug|Any CPU
		{2A931DE7-ACA7-4EA8-A7C5-12DEAC2F41C8}.Debug|Any CPU.Build.0 = Debug|Any CPU
		{2A931DE7-ACA7-4EA8-A7C5-12DEAC2F41C8}.Debug|Mixed Platforms.ActiveCfg = Debug|Any CPU
		{2A931DE7-ACA7-4EA8-A7C5-12DEAC2F41C8}.Debug|Mixed Platforms.Build.0 = Debug|Any CPU
		{2A931DE7-ACA7-4EA8-A7C5-12DEAC2F41C8}.Debug|x86.ActiveCfg = Debug|Any CPU
		{2A931DE7-ACA7-4EA8-A7C5-12DEAC2F41C8}.Release|Any CPU.ActiveCfg = Release|Any CPU
		{2A931DE7-ACA7-4EA8-A7C5-12DEAC2F41C8}.Release|Any CPU.Build.0 = Release|Any CPU
		{2A931DE7-ACA7-4EA8-A7C5-12DEAC2F41C8}.Release|Mixed Platforms.ActiveCfg = Release|Any CPU
		{2A931DE7-ACA7-4EA8-A7C5-12DEAC2F41C8}.Release|Mixed Platforms.Build.0 = Release|Any CPU
		{2A931DE7-ACA7-4EA8-A7C5-12DEAC2F41C8}.Release|x86.ActiveCfg = Release|Any CPU
		{9F3CEB3F-DC11-4C5F-B183-0CEC2ECFC7E5}.Debug|Any CPU.ActiveCfg = Debug|Any CPU
		{9F3CEB3F-DC11-4C5F-B183-0CEC2ECFC7E5}.Debug|Any CPU.Build.0 = Debug|Any CPU
		{9F3CEB3F-DC11-4C5F-B183-0CEC2ECFC7E5}.Debug|Mixed Platforms.ActiveCfg = Debug|Any CPU
		{9F3CEB3F-DC11-4C5F-B183-0CEC2ECFC7E5}.Debug|Mixed Platforms.Build.0 = Debug|Any CPU
		{9F3CEB3F-DC11-4C5F-B183-0CEC2ECFC7E5}.Debug|x86.ActiveCfg = Debug|Any CPU
		{9F3CEB3F-DC11-4C5F-B183-0CEC2ECFC7E5}.Release|Any CPU.ActiveCfg = Release|Any CPU
		{9F3CEB3F-DC11-4C5F-B183-0CEC2ECFC7E5}.Release|Any CPU.Build.0 = Release|Any CPU
		{9F3CEB3F-DC11-4C5F-B183-0CEC2ECFC7E5}.Release|Mixed Platforms.ActiveCfg = Release|Any CPU
		{9F3CEB3F-DC11-4C5F-B183-0CEC2ECFC7E5}.Release|Mixed Platforms.Build.0 = Release|Any CPU
		{9F3CEB3F-DC11-4C5F-B183-0CEC2ECFC7E5}.Release|x86.ActiveCfg = Release|Any CPU
		{07DE8206-6863-426C-B785-5AAE8815F8BA}.Debug|Any CPU.ActiveCfg = Debug|Any CPU
		{07DE8206-6863-426C-B785-5AAE8815F8BA}.Debug|Any CPU.Build.0 = Debug|Any CPU
		{07DE8206-6863-426C-B785-5AAE8815F8BA}.Debug|Mixed Platforms.ActiveCfg = Debug|Any CPU
		{07DE8206-6863-426C-B785-5AAE8815F8BA}.Debug|Mixed Platforms.Build.0 = Debug|Any CPU
		{07DE8206-6863-426C-B785-5AAE8815F8BA}.Debug|x86.ActiveCfg = Debug|Any CPU
		{07DE8206-6863-426C-B785-5AAE8815F8BA}.Release|Any CPU.ActiveCfg = Release|Any CPU
		{07DE8206-6863-426C-B785-5AAE8815F8BA}.Release|Any CPU.Build.0 = Release|Any CPU
		{07DE8206-6863-426C-B785-5AAE8815F8BA}.Release|Mixed Platforms.ActiveCfg = Release|Any CPU
		{07DE8206-6863-426C-B785-5AAE8815F8BA}.Release|Mixed Platforms.Build.0 = Release|Any CPU
		{07DE8206-6863-426C-B785-5AAE8815F8BA}.Release|x86.ActiveCfg = Release|Any CPU
		{01E94F9E-ECC2-46CA-B963-022BAA641B5C}.Debug|Any CPU.ActiveCfg = Debug|Any CPU
		{01E94F9E-ECC2-46CA-B963-022BAA641B5C}.Debug|Any CPU.Build.0 = Debug|Any CPU
		{01E94F9E-ECC2-46CA-B963-022BAA641B5C}.Debug|Mixed Platforms.ActiveCfg = Debug|Any CPU
		{01E94F9E-ECC2-46CA-B963-022BAA641B5C}.Debug|Mixed Platforms.Build.0 = Debug|Any CPU
		{01E94F9E-ECC2-46CA-B963-022BAA641B5C}.Debug|x86.ActiveCfg = Debug|Any CPU
		{01E94F9E-ECC2-46CA-B963-022BAA641B5C}.Release|Any CPU.ActiveCfg = Release|Any CPU
		{01E94F9E-ECC2-46CA-B963-022BAA641B5C}.Release|Any CPU.Build.0 = Release|Any CPU
		{01E94F9E-ECC2-46CA-B963-022BAA641B5C}.Release|Mixed Platforms.ActiveCfg = Release|Any CPU
		{01E94F9E-ECC2-46CA-B963-022BAA641B5C}.Release|Mixed Platforms.Build.0 = Release|Any CPU
		{01E94F9E-ECC2-46CA-B963-022BAA641B5C}.Release|x86.ActiveCfg = Release|Any CPU
	EndGlobalSection
	GlobalSection(SolutionProperties) = preSolution
		HideSolutionNode = FALSE
	EndGlobalSection
EndGlobal
